
Microsoft Visual Studio Solution File, Format Version 12.00
# Visual Studio Version 17
VisualStudioVersion = 17.10.34928.147
MinimumVisualStudioVersion = 10.0.40219.1
Project("{FAE04EC0-301F-11D3-BF4B-00C04F79EFBC}") = "2feladat", "2feladat.csproj", "{A91F1729-8440-4972-B205-1EA225D5C6E9}"
EndProject
Global
	GlobalSection(SolutionConfigurationPlatforms) = preSolution
		Debug|Any CPU = Debug|Any CPU
		Release|Any CPU = Release|Any CPU
	EndGlobalSection
	GlobalSection(ProjectConfigurationPlatforms) = postSolution
		{A91F1729-8440-4972-B205-1EA225D5C6E9}.Debug|Any CPU.ActiveCfg = Debug|Any CPU
		{A91F1729-8440-4972-B205-1EA225D5C6E9}.Debug|Any CPU.Build.0 = Debug|Any CPU
		{A91F1729-8440-4972-B205-1EA225D5C6E9}.Release|Any CPU.ActiveCfg = Release|Any CPU
		{A91F1729-8440-4972-B205-1EA225D5C6E9}.Release|Any CPU.Build.0 = Release|Any CPU
	EndGlobalSection
	GlobalSection(SolutionProperties) = preSolution
		HideSolutionNode = FALSE
	EndGlobalSection
	GlobalSection(ExtensibilityGlobals) = postSolution
		SolutionGuid = {A7D087B1-B505-4F68-B190-4F05289FA0DB}
	EndGlobalSection
EndGlobal
